
Microsoft Visual Studio Solution File, Format Version 12.00
# Visual Studio 14
VisualStudioVersion = 14.0.25123.0
MinimumVisualStudioVersion = 10.0.40219.1
Project("{FAE04EC0-301F-11D3-BF4B-00C04F79EFBC}") = "Velvet Pearl Lottery", "Velvet Pearl Lottery\Velvet Pearl Lottery.csproj", "{73D0ACAB-C428-469A-A430-A421DF5BC964}"
EndProject
Project("{930C7802-8A8C-48F9-8165-68863BCCD9DD}") = "Velvet Pearl Lottery Setup", "Velvet Pearl Lottery Setup\Velvet Pearl Lottery Setup.wixproj", "{11F810E3-8F0B-4973-9AD3-1B9EDF8640D7}"
	ProjectSection(ProjectDependencies) = postProject
		{73D0ACAB-C428-469A-A430-A421DF5BC964} = {73D0ACAB-C428-469A-A430-A421DF5BC964}
	EndProjectSection
EndProject
Project("{2150E333-8FDC-42A3-9474-1A3956D46DE8}") = "Solution Items", "Solution Items", "{BBE002E1-4D2E-490C-9E35-CDD008C77598}"
	ProjectSection(SolutionItems) = preProject
		.gitignore = .gitignore
		InstallerVarsGlobal.wxi = InstallerVarsGlobal.wxi
		newest_release.json = newest_release.json
		README.md = README.md
		vpl_program.ico = vpl_program.ico
	EndProjectSection
EndProject
Project("{2150E333-8FDC-42A3-9474-1A3956D46DE8}") = "HTML pages", "HTML pages", "{6FD1B6E6-3C58-45EA-9A6D-734A41A9BB29}"
	ProjectSection(SolutionItems) = preProject
		help.html = help.html
	EndProjectSection
EndProject
Global
	GlobalSection(SolutionConfigurationPlatforms) = preSolution
		Debug|Any CPU = Debug|Any CPU
		Debug|x86 = Debug|x86
		Release|Any CPU = Release|Any CPU
		Release|x86 = Release|x86
	EndGlobalSection
	GlobalSection(ProjectConfigurationPlatforms) = postSolution
		{73D0ACAB-C428-469A-A430-A421DF5BC964}.Debug|Any CPU.ActiveCfg = Debug|Any CPU
		{73D0ACAB-C428-469A-A430-A421DF5BC964}.Debug|Any CPU.Build.0 = Debug|Any CPU
		{73D0ACAB-C428-469A-A430-A421DF5BC964}.Debug|x86.ActiveCfg = Debug|Any CPU
		{73D0ACAB-C428-469A-A430-A421DF5BC964}.Debug|x86.Build.0 = Debug|Any CPU
		{73D0ACAB-C428-469A-A430-A421DF5BC964}.Release|Any CPU.ActiveCfg = Release|Any CPU
		{73D0ACAB-C428-469A-A430-A421DF5BC964}.Release|Any CPU.Build.0 = Release|Any CPU
		{73D0ACAB-C428-469A-A430-A421DF5BC964}.Release|x86.ActiveCfg = Release|Any CPU
		{73D0ACAB-C428-469A-A430-A421DF5BC964}.Release|x86.Build.0 = Release|Any CPU
		{11F810E3-8F0B-4973-9AD3-1B9EDF8640D7}.Debug|Any CPU.ActiveCfg = Debug|x86
		{11F810E3-8F0B-4973-9AD3-1B9EDF8640D7}.Debug|x86.ActiveCfg = Debug|x86
		{11F810E3-8F0B-4973-9AD3-1B9EDF8640D7}.Debug|x86.Build.0 = Debug|x86
		{11F810E3-8F0B-4973-9AD3-1B9EDF8640D7}.Release|Any CPU.ActiveCfg = Release|x86
		{11F810E3-8F0B-4973-9AD3-1B9EDF8640D7}.Release|x86.ActiveCfg = Release|x86
		{11F810E3-8F0B-4973-9AD3-1B9EDF8640D7}.Release|x86.Build.0 = Release|x86
	EndGlobalSection
	GlobalSection(SolutionProperties) = preSolution
		HideSolutionNode = FALSE
	EndGlobalSection
	GlobalSection(NestedProjects) = preSolution
		{6FD1B6E6-3C58-45EA-9A6D-734A41A9BB29} = {BBE002E1-4D2E-490C-9E35-CDD008C77598}
	EndGlobalSection
EndGlobal
